Microsoft Visual Studio Solution File, Format Version 12.00
# Visual Studio 2012
Project("{FAE04EC0-301F-11D3-BF4B-00C04F79EFBC}") = "Minecraft", "Minecraft.csproj", "{45FA0B23-76B7-4E1B-9B64-7B636E7D0745}"
EndProject
Global
	GlobalSection(SolutionConfigurationPlatforms) = preSolution
	Debug|Any CPU = Debug|Any CPU
	ExportDebug|Any CPU = ExportDebug|Any CPU
	ExportRelease|Any CPU = ExportRelease|Any CPU
	EndGlobalSection
	GlobalSection(ProjectConfigurationPlatforms) = postSolution
		{45FA0B23-76B7-4E1B-9B64-7B636E7D0745}.Debug|Any CPU.ActiveCfg = Debug|Any CPU
		{45FA0B23-76B7-4E1B-9B64-7B636E7D0745}.Debug|Any CPU.Build.0 = Debug|Any CPU
		{45FA0B23-76B7-4E1B-9B64-7B636E7D0745}.ExportDebug|Any CPU.ActiveCfg = ExportDebug|Any CPU
		{45FA0B23-76B7-4E1B-9B64-7B636E7D0745}.ExportDebug|Any CPU.Build.0 = ExportDebug|Any CPU
		{45FA0B23-76B7-4E1B-9B64-7B636E7D0745}.ExportRelease|Any CPU.ActiveCfg = ExportRelease|Any CPU
		{45FA0B23-76B7-4E1B-9B64-7B636E7D0745}.ExportRelease|Any CPU.Build.0 = ExportRelease|Any CPU
	EndGlobalSection
EndGlobal
